{
    "_readme": [
        "This file locks the dependencies of your project to a known state",
        "Read more about it at https://getcomposer.org/doc/01-basic-usage.md#installing-dependencies",
        "This file is @generated automatically"
    ],
    "content-hash": "9113dc446199b43d99afcf0ad60bb0ef",
    "packages": [
        {
            "name": "netherphp/avenue",
            "version": "dev-redux",
            "source": {
                "type": "git",
                "url": "https://github.com/netherphp/avenue.git",
                "reference": "8cef21d24df573abdaff635c9f9ed44b44e8c889"
            },
            "dist": {
                "type": "zip",
                "url": "https://api.github.com/repos/netherphp/avenue/zipball/8cef21d24df573abdaff635c9f9ed44b44e8c889",
                "reference": "8cef21d24df573abdaff635c9f9ed44b44e8c889",
                "shasum": ""
            },
            "require": {
                "netherphp/console": "dev-redux",
                "netherphp/object": "dev-redux",
                "php": "^8.1"
            },
            "require-dev": {
                "dealerdirect/phpcodesniffer-composer-installer": "^0.7.2",
                "netherphp/standards": ">=0.1.9",
                "phpunit/phpunit": "^9.5"
            },
            "default-branch": true,
            "bin": [
                "bin/netherave"
            ],
            "type": "library",
            "autoload": {
                "psr-0": {
                    "Nether\\": "src/"
                },
                "psr-4": {
                    "TestRoutes\\": "routes/"
                }
            },
            "notification-url": "https://packagist.org/downloads/",
            "license": [
                "BSD-2-Clause"
            ],
            "authors": [
                {
                    "name": "Bob Majdak Jr",
                    "email": "bmajdak@php.net",
                    "homepage": "http://pegasusgate.net/+bob",
                    "role": "developer"
                }
            ],
            "description": "A Request Router.",
            "keywords": [
                "php",
                "router"
            ],
            "support": {
                "issues": "https://github.com/netherphp/avenue/issues",
                "source": "https://github.com/netherphp/avenue/tree/redux"
            },
            "time": "2022-09-05T21:17:49+00:00"
        },
        {
            "name": "netherphp/console",
            "version": "dev-redux",
            "source": {
                "type": "git",
                "url": "https://github.com/netherphp/console.git",
                "reference": "7887f4b26bf4a3f65a591a1d2d1ad2d4bcae62d4"
            },
            "dist": {
                "type": "zip",
                "url": "https://api.github.com/repos/netherphp/console/zipball/7887f4b26bf4a3f65a591a1d2d1ad2d4bcae62d4",
                "reference": "7887f4b26bf4a3f65a591a1d2d1ad2d4bcae62d4",
                "shasum": ""
            },
            "require": {
                "netherphp/object": "dev-redux",
                "php": ">=8.0"
            },
            "require-dev": {
                "dealerdirect/phpcodesniffer-composer-installer": "^0.7.2",
                "netherphp/standards": ">=0.1.9",
                "phpunit/phpunit": "^9.5"
            },
            "default-branch": true,
            "bin": [
                "bin/nethercon"
            ],
            "type": "library",
            "autoload": {
                "psr-0": {
                    "Nether\\": "src/"
                }
            },
            "notification-url": "https://packagist.org/downloads/",
            "license": [
                "BSD-3-Clause"
            ],
            "authors": [
                {
                    "name": "Bob Majdak Jr",
                    "email": "bmajdak@php.net",
                    "homepage": "https://pegasusgate.net/+bob",
                    "role": "developer"
                }
            ],
            "description": "A CLI Parser",
            "keywords": [
                "cli",
                "console",
                "php",
                "terminal"
            ],
            "support": {
                "issues": "https://github.com/netherphp/console/issues",
                "source": "https://github.com/netherphp/console/tree/redux"
            },
            "time": "2022-09-06T03:42:17+00:00"
        },
        {
            "name": "netherphp/ki",
            "version": "dev-redux",
            "source": {
                "type": "git",
                "url": "https://github.com/netherphp/ki.git",
                "reference": "29fab872c7aa11f7b76f18a7da1df047ae0d58ad"
            },
            "dist": {
                "type": "zip",
                "url": "https://api.github.com/repos/netherphp/ki/zipball/29fab872c7aa11f7b76f18a7da1df047ae0d58ad",
                "reference": "29fab872c7aa11f7b76f18a7da1df047ae0d58ad",
                "shasum": ""
            },
            "require": {
                "php": ">=8.0"
            },
            "require-dev": {
                "dealerdirect/phpcodesniffer-composer-installer": "^0.7.2",
                "netherphp/standards": "^0.2.5",
                "phpunit/phpunit": "^9.5"
            },
            "type": "library",
            "autoload": {
                "psr-0": {
                    "Nether\\": "src/"
                }
            },
            "notification-url": "https://packagist.org/downloads/",
            "license": [
                "BSD-2-Clause"
            ],
            "authors": [
                {
                    "name": "Bob Majdak Jr",
                    "email": "bmajdak@php.net",
                    "homepage": "http://pegasusgate.net/+bob",
                    "role": "developer"
                }
            ],
            "description": "An event queue handler.",
            "keywords": [
                "event",
                "php"
            ],
            "support": {
                "issues": "https://github.com/netherphp/ki/issues",
                "source": "https://github.com/netherphp/ki/tree/redux"
            },
            "time": "2022-09-01T06:01:55+00:00"
        },
        {
            "name": "netherphp/object",
            "version": "dev-redux",
            "source": {
                "type": "git",
                "url": "https://github.com/netherphp/object.git",
                "reference": "d6dbeed1e6414aea3c863638f03b96e1b15cef7f"
            },
            "dist": {
                "type": "zip",
                "url": "https://api.github.com/repos/netherphp/object/zipball/d6dbeed1e6414aea3c863638f03b96e1b15cef7f",
                "reference": "d6dbeed1e6414aea3c863638f03b96e1b15cef7f",
                "shasum": ""
            },
            "require": {
                "php": ">=8.0"
            },
            "require-dev": {
                "dealerdirect/phpcodesniffer-composer-installer": "^0.7.1",
                "netherphp/standards": ">=0.1.0",
                "phpunit/phpunit": "^9.5"
            },
            "type": "library",
            "autoload": {
                "psr-0": {
                    "Nether\\": "src/"
                }
            },
            "notification-url": "https://packagist.org/downloads/",
            "license": [
                "BSD-2-Clause"
            ],
            "authors": [
                {
                    "name": "Bob Majdak Jr",
                    "email": "bmajdak@php.net",
                    "homepage": "http://pegasusgate.net/+bob",
                    "role": "developer"
                }
            ],
            "description": "Self-Sealing Stem Object",
            "keywords": [
                "datastore",
                "object",
                "php"
            ],
            "support": {
                "issues": "https://github.com/netherphp/object/issues",
                "source": "https://github.com/netherphp/object/tree/redux"
            },
            "time": "2022-08-31T19:50:46+00:00"
        },
        {
            "name": "netherphp/sensei",
            "version": "dev-redux",
            "source": {
                "type": "git",
                "url": "https://github.com/netherphp/sensei.git",
                "reference": "449bbd7064a99f7f090ac94b7c34c7602cb04fd5"
            },
            "dist": {
                "type": "zip",
                "url": "https://api.github.com/repos/netherphp/sensei/zipball/449bbd7064a99f7f090ac94b7c34c7602cb04fd5",
                "reference": "449bbd7064a99f7f090ac94b7c34c7602cb04fd5",
                "shasum": ""
            },
            "require": {
                "netherphp/console": "dev-redux",
                "netherphp/object": "dev-redux",
                "php": ">=8.0"
            },
            "require-dev": {
                "dealerdirect/phpcodesniffer-composer-installer": "^0.7.1",
                "netherphp/standards": "^0.2.7"
            },
            "bin": [
                "bin/nsen"
            ],
            "type": "library",
            "autoload": {
                "psr-0": {
                    "Nether\\": "src/"
                }
            },
            "notification-url": "https://packagist.org/downloads/",
            "license": [
                "BSD-2-Clause"
            ],
            "description": "Documentation Generator",
            "keywords": [
                "documentation",
                "php"
            ],
            "support": {
                "issues": "https://github.com/netherphp/sensei/issues",
                "source": "https://github.com/netherphp/sensei/tree/redux"
            },
            "time": "2022-09-06T07:14:34+00:00"
        },
        {
            "name": "netherphp/surface",
            "version": "dev-redux",
            "source": {
                "type": "git",
                "url": "https://github.com/netherphp/surface.git",
                "reference": "3a6fd5396d09b52f7b0bc574baf9c5134709f82d"
            },
            "dist": {
                "type": "zip",
                "url": "https://api.github.com/repos/netherphp/surface/zipball/3a6fd5396d09b52f7b0bc574baf9c5134709f82d",
                "reference": "3a6fd5396d09b52f7b0bc574baf9c5134709f82d",
                "shasum": ""
            },
            "require": {
                "netherphp/ki": "dev-redux",
                "php": ">=8.0"
            },
            "require-dev": {
                "dealerdirect/phpcodesniffer-composer-installer": "^0.7.2",
                "netherphp/standards": ">=0.1.9",
                "phpunit/phpunit": "^9.5"
            },
            "type": "library",
            "autoload": {
                "psr-0": {
                    "Nether\\": "src/"
                }
            },
            "notification-url": "https://packagist.org/downloads/",
            "license": [
                "BSD-3-Clause"
            ],
            "authors": [
                {
                    "name": "Bob Majdak Jr",
                    "email": "bmajdak@php.net",
                    "homepage": "http://pegasusgate.net/+bob",
                    "role": "developer"
                }
            ],
            "description": "A small template rendering library.",
            "keywords": [
                "php",
                "template"
            ],
            "support": {
                "issues": "https://github.com/netherphp/surface/issues",
                "source": "https://github.com/netherphp/surface/tree/redux"
            },
            "time": "2022-09-01T06:03:00+00:00"
        }
    ],
    "packages-dev": [],
    "aliases": [],
    "minimum-stability": "dev",
    "stability-flags": {
        "netherphp/object": 20,
        "netherphp/ki": 20,
        "netherphp/avenue": 20,
        "netherphp/surface": 20,
        "netherphp/console": 20,
        "netherphp/sensei": 20
    },
    "prefer-stable": false,
    "prefer-lowest": false,
    "platform": [],
    "platform-dev": [],
    "plugin-api-version": "2.2.0"
}
